PODS:
  - mopub-ios-sdk (5.8.0):
    - mopub-ios-sdk/MoPubSDK (= 5.8.0)
  - mopub-ios-sdk/Avid (5.8.0):
    - mopub-ios-sdk/Core
  - mopub-ios-sdk/Core (5.8.0)
  - mopub-ios-sdk/Moat (5.8.0):
    - mopub-ios-sdk/Core
  - mopub-ios-sdk/MoPubSDK (5.8.0):
    - mopub-ios-sdk/Avid
    - mopub-ios-sdk/Core
    - mopub-ios-sdk/Moat
  - MoPub-YumiAds-Adapters (4.5.1.000):
    - mopub-ios-sdk
    - YumiAdSDK (= 4.5.1.000)
  - YumiAdSDK (4.5.1.000):
    - YumiMediationAdapterBytedance (= 4.5.1)
    - YumiMediationSDK (= 4.5.1)
  - YumiBytedanceAds (2.7.5.2)
  - YumiMediationAdapterBytedance (4.5.1):
    - YumiBytedanceAds (= 2.7.5.2)
    - YumiMediationSDK (~> 4.5.0)
  - YumiMediationSDK (4.5.1)

DEPENDENCIES:
  - mopub-ios-sdk
  - MoPub-YumiAds-Adapters (= 4.5.1.000)

SPEC REPOS:
  https://github.com/CocoaPods/Specs.git:
    - mopub-ios-sdk
    - YumiBytedanceAds
  https://github.com/yumimobi/Specs.git:
    - MoPub-YumiAds-Adapters
    - YumiAdSDK
    - YumiMediationAdapterBytedance
    - YumiMediationSDK

SPEC CHECKSUMS:
  mopub-ios-sdk: b63e15803e70b92d0b51c3e1c49bbcd78cd3d1d5
  MoPub-YumiAds-Adapters: b90476322cf7f15c4bf8c871702a02a7cede7e83
  YumiAdSDK: 974434ff428c2bc26bf2b7a259ce104c459a6178
  YumiBytedanceAds: 70d9fd9051b8ef81fca1df39b025a357766989a8
  YumiMediationAdapterBytedance: 37f67100afe2f670e26c63aa23baf2dfdc600a05
  YumiMediationSDK: a1faebce23a116a0755d59cfed69d888aa95bb37

PODFILE CHECKSUM: 4e63b745f53a99d124e6f751d9afe14331ffdcd9

COCOAPODS: 1.8.4
