// !$*UTF8*$!
{
	archiveVersion = 1;
	classes = {
	};
	objectVersion = 51;
	objects = {

/* Begin PBXBuildFile section */
		0255A8FFC4DD22AFA6EABB8C /* Pods_YumiMediationMopubAdDemo_iOS.framework in Frameworks */ = {isa = PBXBuildFile; fileRef = E82B945D2172E9A5CE9BEC8D /* Pods_YumiMediationMopubAdDemo_iOS.framework */; };
		6DE9488E2228DB86002EE0CE /* Main.storyboard in Resources */ = {isa = PBXBuildFile; fileRef = 6DE9488C2228DB86002EE0CE /* Main.storyboard */; };
		6DE948912228DB86002EE0CE /* YumiMediationMopubAdDemo_iOS.xcdatamodeld in Sources */ = {isa = PBXBuildFile; fileRef = 6DE9488F2228DB86002EE0CE /* YumiMediationMopubAdDemo_iOS.xcdatamodeld */; };
		6DE948932228DB88002EE0CE /* Assets.xcassets in Resources */ = {isa = PBXBuildFile; fileRef = 6DE948922228DB88002EE0CE /* Assets.xcassets */; };
		6DE948962228DB88002EE0CE /* LaunchScreen.storyboard in Resources */ = {isa = PBXBuildFile; fileRef = 6DE948942228DB88002EE0CE /* LaunchScreen.storyboard */; };
		6DE948992228DB88002EE0CE /* main.m in Sources */ = {isa = PBXBuildFile; fileRef = 6DE948982228DB88002EE0CE /* main.m */; };
		6DE948AA2228E19B002EE0CE /* MPYUMIAppDelegate.m in Sources */ = {isa = PBXBuildFile; fileRef = 6DE948A62228E19B002EE0CE /* MPYUMIAppDelegate.m */; };
		6DE948AB2228E19B002EE0CE /* MPYUMIViewController.m in Sources */ = {isa = PBXBuildFile; fileRef = 6DE948A92228E19B002EE0CE /* MPYUMIViewController.m */; };
		6DE948B2222CB6A7002EE0CE /* MPYUMIBannerViewController.m in Sources */ = {isa = PBXBuildFile; fileRef = 6DE948B0222CB6A7002EE0CE /* MPYUMIBannerViewController.m */; };
		6DE948BA222CCD31002EE0CE /* MPYUMIInterstitialViewController.m in Sources */ = {isa = PBXBuildFile; fileRef = 6DE948B9222CCD31002EE0CE /* MPYUMIInterstitialViewController.m */; };
		6DE948C0222CDCD7002EE0CE /* MPYUMIRewardedVideoViewController.m in Sources */ = {isa = PBXBuildFile; fileRef = 6DE948BF222CDCD7002EE0CE /* MPYUMIRewardedVideoViewController.m */; };
/* End PBXBuildFile section */

/* Begin PBXFileReference section */
		3C87FA13B0EC1F1FE7A090E8 /* Pods-YumiMediationMopubAdDemo-iOS.release.xcconfig */ = {isa = PBXFileReference; includeInIndex = 1; lastKnownFileType = text.xcconfig; name = "Pods-YumiMediationMopubAdDemo-iOS.release.xcconfig"; path = "Pods/Target Support Files/Pods-YumiMediationMopubAdDemo-iOS/Pods-YumiMediationMopubAdDemo-iOS.release.xcconfig"; sourceTree = "<group>"; };
		6DE948832228DB86002EE0CE /* YumiMediationMopubAdDemo-iOS.app */ = {isa = PBXFileReference; explicitFileType = wrapper.application; includeInIndex = 0; path = "YumiMediationMopubAdDemo-iOS.app"; sourceTree = BUILT_PRODUCTS_DIR; };
		6DE9488D2228DB86002EE0CE /* Base */ = {isa = PBXFileReference; lastKnownFileType = file.storyboard; name = Base; path = Base.lproj/Main.storyboard; sourceTree = "<group>"; };
		6DE948902228DB86002EE0CE /* YumiMediationMopubAdDemo_iOS.xcdatamodel */ = {isa = PBXFileReference; lastKnownFileType = wrapper.xcdatamodel; path = YumiMediationMopubAdDemo_iOS.xcdatamodel; sourceTree = "<group>"; };
		6DE948922228DB88002EE0CE /* Assets.xcassets */ = {isa = PBXFileReference; lastKnownFileType = folder.assetcatalog; path = Assets.xcassets; sourceTree = "<group>"; };
		6DE948952228DB88002EE0CE /* Base */ = {isa = PBXFileReference; lastKnownFileType = file.storyboard; name = Base; path = Base.lproj/LaunchScreen.storyboard; sourceTree = "<group>"; };
		6DE948972228DB88002EE0CE /* Info.plist */ = {isa = PBXFileReference; lastKnownFileType = text.plist.xml; path = Info.plist; sourceTree = "<group>"; };
		6DE948982228DB88002EE0CE /* main.m */ = {isa = PBXFileReference; lastKnownFileType = sourcecode.c.objc; path = main.m; sourceTree = "<group>"; };
		6DE948A62228E19B002EE0CE /* MPYUMIAppDelegate.m */ = {isa = PBXFileReference; fileEncoding = 4; lastKnownFileType = sourcecode.c.objc; path = MPYUMIAppDelegate.m; sourceTree = "<group>"; };
		6DE948A72228E19B002EE0CE /* MPYUMIAppDelegate.h */ = {isa = PBXFileReference; fileEncoding = 4; lastKnownFileType = sourcecode.c.h; path = MPYUMIAppDelegate.h; sourceTree = "<group>"; };
		6DE948A82228E19B002EE0CE /* MPYUMIViewController.h */ = {isa = PBXFileReference; fileEncoding = 4; lastKnownFileType = sourcecode.c.h; path = MPYUMIViewController.h; sourceTree = "<group>"; };
		6DE948A92228E19B002EE0CE /* MPYUMIViewController.m */ = {isa = PBXFileReference; fileEncoding = 4; lastKnownFileType = sourcecode.c.objc; path = MPYUMIViewController.m; sourceTree = "<group>"; };
		6DE948AF222CB6A7002EE0CE /* MPYUMIBannerViewController.h */ = {isa = PBXFileReference; lastKnownFileType = sourcecode.c.h; path = MPYUMIBannerViewController.h; sourceTree = "<group>"; };
		6DE948B0222CB6A7002EE0CE /* MPYUMIBannerViewController.m */ = {isa = PBXFileReference; lastKnownFileType = sourcecode.c.objc; path = MPYUMIBannerViewController.m; sourceTree = "<group>"; };
		6DE948B8222CCD31002EE0CE /* MPYUMIInterstitialViewController.h */ = {isa = PBXFileReference; lastKnownFileType = sourcecode.c.h; path = MPYUMIInterstitialViewController.h; sourceTree = "<group>"; };
		6DE948B9222CCD31002EE0CE /* MPYUMIInterstitialViewController.m */ = {isa = PBXFileReference; lastKnownFileType = sourcecode.c.objc; path = MPYUMIInterstitialViewController.m; sourceTree = "<group>"; };
		6DE948BE222CDCD7002EE0CE /* MPYUMIRewardedVideoViewController.h */ = {isa = PBXFileReference; lastKnownFileType = sourcecode.c.h; path = MPYUMIRewardedVideoViewController.h; sourceTree = "<group>"; };
		6DE948BF222CDCD7002EE0CE /* MPYUMIRewardedVideoViewController.m */ = {isa = PBXFileReference; lastKnownFileType = sourcecode.c.objc; path = MPYUMIRewardedVideoViewController.m; sourceTree = "<group>"; };
		BEAA85BAFA315B39C87D7EEC /* Pods-YumiMediationMopubAdDemo-iOS.debug.xcconfig */ = {isa = PBXFileReference; includeInIndex = 1; lastKnownFileType = text.xcconfig; name = "Pods-YumiMediationMopubAdDemo-iOS.debug.xcconfig"; path = "Pods/Target Support Files/Pods-YumiMediationMopubAdDemo-iOS/Pods-YumiMediationMopubAdDemo-iOS.debug.xcconfig"; sourceTree = "<group>"; };
		E82B945D2172E9A5CE9BEC8D /* Pods_YumiMediationMopubAdDemo_iOS.framework */ = {isa = PBXFileReference; explicitFileType = wrapper.framework; includeInIndex = 0; path = Pods_YumiMediationMopubAdDemo_iOS.framework; sourceTree = BUILT_PRODUCTS_DIR; };
/* End PBXFileReference section */

/* Begin PBXFrameworksBuildPhase section */
		6DE948802228DB86002EE0CE /* Frameworks */ = {
			isa = PBXFrameworksBuildPhase;
			buildActionMask = 2147483647;
			files = (
				0255A8FFC4DD22AFA6EABB8C /* Pods_YumiMediationMopubAdDemo_iOS.framework in Frameworks */,
			);
			runOnlyForDeploymentPostprocessing = 0;
		};
/* End PBXFrameworksBuildPhase section */

/* Begin PBXGroup section */
		57812063135642DBEC78445E /* Pods */ = {
			isa = PBXGroup;
			children = (
				BEAA85BAFA315B39C87D7EEC /* Pods-YumiMediationMopubAdDemo-iOS.debug.xcconfig */,
				3C87FA13B0EC1F1FE7A090E8 /* Pods-YumiMediationMopubAdDemo-iOS.release.xcconfig */,
			);
			name = Pods;
			sourceTree = "<group>";
		};
		6DE9487A2228DB86002EE0CE = {
			isa = PBXGroup;
			children = (
				6DE948852228DB86002EE0CE /* YumiMediationMopubAdDemo-iOS */,
				6DE948842228DB86002EE0CE /* Products */,
				57812063135642DBEC78445E /* Pods */,
				CE3D9B2D00D1927057F33271 /* Frameworks */,
			);
			sourceTree = "<group>";
		};
		6DE948842228DB86002EE0CE /* Products */ = {
			isa = PBXGroup;
			children = (
				6DE948832228DB86002EE0CE /* YumiMediationMopubAdDemo-iOS.app */,
			);
			name = Products;
			sourceTree = "<group>";
		};
		6DE948852228DB86002EE0CE /* YumiMediationMopubAdDemo-iOS */ = {
			isa = PBXGroup;
			children = (
				6DE948AE2228E33D002EE0CE /* Reward Video */,
				6DE948AD2228E331002EE0CE /* Interstitial */,
				6DE948AC2228E327002EE0CE /* Banner */,
				6DE9489F2228DFB8002EE0CE /* Systems */,
				6DE9488C2228DB86002EE0CE /* Main.storyboard */,
				6DE948922228DB88002EE0CE /* Assets.xcassets */,
				6DE948942228DB88002EE0CE /* LaunchScreen.storyboard */,
				6DE948972228DB88002EE0CE /* Info.plist */,
				6DE948982228DB88002EE0CE /* main.m */,
				6DE9488F2228DB86002EE0CE /* YumiMediationMopubAdDemo_iOS.xcdatamodeld */,
			);
			path = "YumiMediationMopubAdDemo-iOS";
			sourceTree = "<group>";
		};
		6DE9489F2228DFB8002EE0CE /* Systems */ = {
			isa = PBXGroup;
			children = (
				6DE948A72228E19B002EE0CE /* MPYUMIAppDelegate.h */,
				6DE948A62228E19B002EE0CE /* MPYUMIAppDelegate.m */,
				6DE948A82228E19B002EE0CE /* MPYUMIViewController.h */,
				6DE948A92228E19B002EE0CE /* MPYUMIViewController.m */,
			);
			path = Systems;
			sourceTree = "<group>";
		};
		6DE948AC2228E327002EE0CE /* Banner */ = {
			isa = PBXGroup;
			children = (
				6DE948AF222CB6A7002EE0CE /* MPYUMIBannerViewController.h */,
				6DE948B0222CB6A7002EE0CE /* MPYUMIBannerViewController.m */,
			);
			path = Banner;
			sourceTree = "<group>";
		};
		6DE948AD2228E331002EE0CE /* Interstitial */ = {
			isa = PBXGroup;
			children = (
				6DE948B8222CCD31002EE0CE /* MPYUMIInterstitialViewController.h */,
				6DE948B9222CCD31002EE0CE /* MPYUMIInterstitialViewController.m */,
			);
			path = Interstitial;
			sourceTree = "<group>";
		};
		6DE948AE2228E33D002EE0CE /* Reward Video */ = {
			isa = PBXGroup;
			children = (
				6DE948BE222CDCD7002EE0CE /* MPYUMIRewardedVideoViewController.h */,
				6DE948BF222CDCD7002EE0CE /* MPYUMIRewardedVideoViewController.m */,
			);
			path = "Reward Video";
			sourceTree = "<group>";
		};
		CE3D9B2D00D1927057F33271 /* Frameworks */ = {
			isa = PBXGroup;
			children = (
				E82B945D2172E9A5CE9BEC8D /* Pods_YumiMediationMopubAdDemo_iOS.framework */,
			);
			name = Frameworks;
			sourceTree = "<group>";
		};
/* End PBXGroup section */

/* Begin PBXNativeTarget section */
		6DE948822228DB86002EE0CE /* YumiMediationMopubAdDemo-iOS */ = {
			isa = PBXNativeTarget;
			buildConfigurationList = 6DE9489C2228DB88002EE0CE /* Build configuration list for PBXNativeTarget "YumiMediationMopubAdDemo-iOS" */;
			buildPhases = (
				D32F09ECB3CCA909FBD98F48 /* [CP] Check Pods Manifest.lock */,
				6DE9487F2228DB86002EE0CE /* Sources */,
				6DE948802228DB86002EE0CE /* Frameworks */,
				6DE948812228DB86002EE0CE /* Resources */,
				62E159DE201EDD8E6EE0349B /* [CP] Embed Pods Frameworks */,
				2CAC1DFA9370C53839E095D3 /* [CP] Copy Pods Resources */,
			);
			buildRules = (
			);
			dependencies = (
			);
			name = "YumiMediationMopubAdDemo-iOS";
			productName = "YumiMediationMopubAdDemo-iOS";
			productReference = 6DE948832228DB86002EE0CE /* YumiMediationMopubAdDemo-iOS.app */;
			productType = "com.apple.product-type.application";
		};
/* End PBXNativeTarget section */

/* Begin PBXProject section */
		6DE9487B2228DB86002EE0CE /* Project object */ = {
			isa = PBXProject;
			attributes = {
				CLASSPREFIX = MPYUMI;
				LastUpgradeCheck = 1010;
				ORGANIZATIONNAME = MichaelTang;
				TargetAttributes = {
					6DE948822228DB86002EE0CE = {
						CreatedOnToolsVersion = 10.1;
					};
				};
			};
			buildConfigurationList = 6DE9487E2228DB86002EE0CE /* Build configuration list for PBXProject "YumiMediationMopubAdDemo-iOS" */;
			compatibilityVersion = "Xcode 9.3";
			developmentRegion = en;
			hasScannedForEncodings = 0;
			knownRegions = (
				en,
				Base,
			);
			mainGroup = 6DE9487A2228DB86002EE0CE;
			productRefGroup = 6DE948842228DB86002EE0CE /* Products */;
			projectDirPath = "";
			projectRoot = "";
			targets = (
				6DE948822228DB86002EE0CE /* YumiMediationMopubAdDemo-iOS */,
			);
		};
/* End PBXProject section */

/* Begin PBXResourcesBuildPhase section */
		6DE948812228DB86002EE0CE /* Resources */ = {
			isa = PBXResourcesBuildPhase;
			buildActionMask = 2147483647;
			files = (
				6DE948962228DB88002EE0CE /* LaunchScreen.storyboard in Resources */,
				6DE948932228DB88002EE0CE /* Assets.xcassets in Resources */,
				6DE9488E2228DB86002EE0CE /* Main.storyboard in Resources */,
			);
			runOnlyForDeploymentPostprocessing = 0;
		};
/* End PBXResourcesBuildPhase section */

/* Begin PBXShellScriptBuildPhase section */
		2CAC1DFA9370C53839E095D3 /* [CP] Copy Pods Resources */ = {
			isa = PBXShellScriptBuildPhase;
			buildActionMask = 2147483647;
			files = (
			);
			inputFileListPaths = (
				"${PODS_ROOT}/Target Support Files/Pods-YumiMediationMopubAdDemo-iOS/Pods-YumiMediationMopubAdDemo-iOS-resources-${CONFIGURATION}-input-files.xcfilelist",
			);
			name = "[CP] Copy Pods Resources";
			outputFileListPaths = (
				"${PODS_ROOT}/Target Support Files/Pods-YumiMediationMopubAdDemo-iOS/Pods-YumiMediationMopubAdDemo-iOS-resources-${CONFIGURATION}-output-files.xcfilelist",
			);
			runOnlyForDeploymentPostprocessing = 0;
			shellPath = /bin/sh;
			shellScript = "\"${PODS_ROOT}/Target Support Files/Pods-YumiMediationMopubAdDemo-iOS/Pods-YumiMediationMopubAdDemo-iOS-resources.sh\"\n";
			showEnvVarsInLog = 0;
		};
		62E159DE201EDD8E6EE0349B /* [CP] Embed Pods Frameworks */ = {
			isa = PBXShellScriptBuildPhase;
			buildActionMask = 2147483647;
			files = (
			);
			inputFileListPaths = (
				"${PODS_ROOT}/Target Support Files/Pods-YumiMediationMopubAdDemo-iOS/Pods-YumiMediationMopubAdDemo-iOS-frameworks-${CONFIGURATION}-input-files.xcfilelist",
			);
			name = "[CP] Embed Pods Frameworks";
			outputFileListPaths = (
				"${PODS_ROOT}/Target Support Files/Pods-YumiMediationMopubAdDemo-iOS/Pods-YumiMediationMopubAdDemo-iOS-frameworks-${CONFIGURATION}-output-files.xcfilelist",
			);
			runOnlyForDeploymentPostprocessing = 0;
			shellPath = /bin/sh;
			shellScript = "\"${PODS_ROOT}/Target Support Files/Pods-YumiMediationMopubAdDemo-iOS/Pods-YumiMediationMopubAdDemo-iOS-frameworks.sh\"\n";
			showEnvVarsInLog = 0;
		};
		D32F09ECB3CCA909FBD98F48 /* [CP] Check Pods Manifest.lock */ = {
			isa = PBXShellScriptBuildPhase;
			buildActionMask = 2147483647;
			files = (
			);
			inputFileListPaths = (
			);
			inputPaths = (
				"${PODS_PODFILE_DIR_PATH}/Podfile.lock",
				"${PODS_ROOT}/Manifest.lock",
			);
			name = "[CP] Check Pods Manifest.lock";
			outputFileListPaths = (
			);
			outputPaths = (
				"$(DERIVED_FILE_DIR)/Pods-YumiMediationMopubAdDemo-iOS-checkManifestLockResult.txt",
			);
			runOnlyForDeploymentPostprocessing = 0;
			shellPath = /bin/sh;
			shellScript = "diff \"${PODS_PODFILE_DIR_PATH}/Podfile.lock\" \"${PODS_ROOT}/Manifest.lock\" > /dev/null\nif [ $? != 0 ] ; then\n    # print error to STDERR\n    echo \"error: The sandbox is not in sync with the Podfile.lock. Run 'pod install' or update your CocoaPods installation.\" >&2\n    exit 1\nfi\n# This output is used by Xcode 'outputs' to avoid re-running this script phase.\necho \"SUCCESS\" > \"${SCRIPT_OUTPUT_FILE_0}\"\n";
			showEnvVarsInLog = 0;
		};
/* End PBXShellScriptBuildPhase section */

/* Begin PBXSourcesBuildPhase section */
		6DE9487F2228DB86002EE0CE /* Sources */ = {
			isa = PBXSourcesBuildPhase;
			buildActionMask = 2147483647;
			files = (
				6DE948C0222CDCD7002EE0CE /* MPYUMIRewardedVideoViewController.m in Sources */,
				6DE948912228DB86002EE0CE /* YumiMediationMopubAdDemo_iOS.xcdatamodeld in Sources */,
				6DE948AB2228E19B002EE0CE /* MPYUMIViewController.m in Sources */,
				6DE948B2222CB6A7002EE0CE /* MPYUMIBannerViewController.m in Sources */,
				6DE948BA222CCD31002EE0CE /* MPYUMIInterstitialViewController.m in Sources */,
				6DE948992228DB88002EE0CE /* main.m in Sources */,
				6DE948AA2228E19B002EE0CE /* MPYUMIAppDelegate.m in Sources */,
			);
			runOnlyForDeploymentPostprocessing = 0;
		};
/* End PBXSourcesBuildPhase section */

/* Begin PBXVariantGroup section */
		6DE9488C2228DB86002EE0CE /* Main.storyboard */ = {
			isa = PBXVariantGroup;
			children = (
				6DE9488D2228DB86002EE0CE /* Base */,
			);
			name = Main.storyboard;
			sourceTree = "<group>";
		};
		6DE948942228DB88002EE0CE /* LaunchScreen.storyboard */ = {
			isa = PBXVariantGroup;
			children = (
				6DE948952228DB88002EE0CE /* Base */,
			);
			name = LaunchScreen.storyboard;
			sourceTree = "<group>";
		};
/* End PBXVariantGroup section */

/* Begin XCBuildConfiguration section */
		6DE9489A2228DB88002EE0CE /* Debug */ = {
			isa = XCBuildConfiguration;
			buildSettings = {
				ALWAYS_SEARCH_USER_PATHS = NO;
				CLANG_ANALYZER_NONNULL = YES;
				CLANG_ANALYZER_NUMBER_OBJECT_CONVERSION = YES_AGGRESSIVE;
				CLANG_CXX_LANGUAGE_STANDARD = "gnu++14";
				CLANG_CXX_LIBRARY = "libc++";
				CLANG_ENABLE_MODULES = YES;
				CLANG_ENABLE_OBJC_ARC = YES;
				CLANG_ENABLE_OBJC_WEAK = YES;
				CLANG_WARN_BLOCK_CAPTURE_AUTORELEASING = YES;
				CLANG_WARN_BOOL_CONVERSION = YES;
				CLANG_WARN_COMMA = YES;
				CLANG_WARN_CONSTANT_CONVERSION = YES;
				CLANG_WARN_DEPRECATED_OBJC_IMPLEMENTATIONS = YES;
				CLANG_WARN_DIRECT_OBJC_ISA_USAGE = YES_ERROR;
				CLANG_WARN_DOCUMENTATION_COMMENTS = YES;
				CLANG_WARN_EMPTY_BODY = YES;
				CLANG_WARN_ENUM_CONVERSION = YES;
				CLANG_WARN_INFINITE_RECURSION = YES;
				CLANG_WARN_INT_CONVERSION = YES;
				CLANG_WARN_NON_LITERAL_NULL_CONVERSION = YES;
				CLANG_WARN_OBJC_IMPLICIT_RETAIN_SELF = YES;
				CLANG_WARN_OBJC_LITERAL_CONVERSION = YES;
				CLANG_WARN_OBJC_ROOT_CLASS = YES_ERROR;
				CLANG_WARN_RANGE_LOOP_ANALYSIS = YES;
				CLANG_WARN_STRICT_PROTOTYPES = YES;
				CLANG_WARN_SUSPICIOUS_MOVE = YES;
				CLANG_WARN_UNGUARDED_AVAILABILITY = YES_AGGRESSIVE;
				CLANG_WARN_UNREACHABLE_CODE = YES;
				CLANG_WARN__DUPLICATE_METHOD_MATCH = YES;
				CODE_SIGN_IDENTITY = "iPhone Developer";
				COPY_PHASE_STRIP = NO;
				DEBUG_INFORMATION_FORMAT = dwarf;
				ENABLE_STRICT_OBJC_MSGSEND = YES;
				ENABLE_TESTABILITY = YES;
				GCC_C_LANGUAGE_STANDARD = gnu11;
				GCC_DYNAMIC_NO_PIC = NO;
				GCC_NO_COMMON_BLOCKS = YES;
				GCC_OPTIMIZATION_LEVEL = 0;
				GCC_PREPROCESSOR_DEFINITIONS = (
					"DEBUG=1",
					"$(inherited)",
				);
				GCC_WARN_64_TO_32_BIT_CONVERSION = YES;
				GCC_WARN_ABOUT_RETURN_TYPE = YES_ERROR;
				GCC_WARN_UNDECLARED_SELECTOR = YES;
				GCC_WARN_UNINITIALIZED_AUTOS = YES_AGGRESSIVE;
				GCC_WARN_UNUSED_FUNCTION = YES;
				GCC_WARN_UNUSED_VARIABLE = YES;
				IPHONEOS_DEPLOYMENT_TARGET = 8.0;
				MTL_ENABLE_DEBUG_INFO = INCLUDE_SOURCE;
				MTL_FAST_MATH = YES;
				ONLY_ACTIVE_ARCH = YES;
				SDKROOT = iphoneos;
			};
			name = Debug;
		};
		6DE9489B2228DB88002EE0CE /* Release */ = {
			isa = XCBuildConfiguration;
			buildSettings = {
				ALWAYS_SEARCH_USER_PATHS = NO;
				CLANG_ANALYZER_NONNULL = YES;
				CLANG_ANALYZER_NUMBER_OBJECT_CONVERSION = YES_AGGRESSIVE;
				CLANG_CXX_LANGUAGE_STANDARD = "gnu++14";
				CLANG_CXX_LIBRARY = "libc++";
				CLANG_ENABLE_MODULES = YES;
				CLANG_ENABLE_OBJC_ARC = YES;
				CLANG_ENABLE_OBJC_WEAK = YES;
				CLANG_WARN_BLOCK_CAPTURE_AUTORELEASING = YES;
				CLANG_WARN_BOOL_CONVERSION = YES;
				CLANG_WARN_COMMA = YES;
				CLANG_WARN_CONSTANT_CONVERSION = YES;
				CLANG_WARN_DEPRECATED_OBJC_IMPLEMENTATIONS = YES;
				CLANG_WARN_DIRECT_OBJC_ISA_USAGE = YES_ERROR;
				CLANG_WARN_DOCUMENTATION_COMMENTS = YES;
				CLANG_WARN_EMPTY_BODY = YES;
				CLANG_WARN_ENUM_CONVERSION = YES;
				CLANG_WARN_INFINITE_RECURSION = YES;
				CLANG_WARN_INT_CONVERSION = YES;
				CLANG_WARN_NON_LITERAL_NULL_CONVERSION = YES;
				CLANG_WARN_OBJC_IMPLICIT_RETAIN_SELF = YES;
				CLANG_WARN_OBJC_LITERAL_CONVERSION = YES;
				CLANG_WARN_OBJC_ROOT_CLASS = YES_ERROR;
				CLANG_WARN_RANGE_LOOP_ANALYSIS = YES;
				CLANG_WARN_STRICT_PROTOTYPES = YES;
				CLANG_WARN_SUSPICIOUS_MOVE = YES;
				CLANG_WARN_UNGUARDED_AVAILABILITY = YES_AGGRESSIVE;
				CLANG_WARN_UNREACHABLE_CODE = YES;
				CLANG_WARN__DUPLICATE_METHOD_MATCH = YES;
				CODE_SIGN_IDENTITY = "iPhone Developer";
				COPY_PHASE_STRIP = NO;
				DEBUG_INFORMATION_FORMAT = "dwarf-with-dsym";
				ENABLE_NS_ASSERTIONS = NO;
				ENABLE_STRICT_OBJC_MSGSEND = YES;
				GCC_C_LANGUAGE_STANDARD = gnu11;
				GCC_NO_COMMON_BLOCKS = YES;
				GCC_WARN_64_TO_32_BIT_CONVERSION = YES;
				GCC_WARN_ABOUT_RETURN_TYPE = YES_ERROR;
				GCC_WARN_UNDECLARED_SELECTOR = YES;
				GCC_WARN_UNINITIALIZED_AUTOS = YES_AGGRESSIVE;
				GCC_WARN_UNUSED_FUNCTION = YES;
				GCC_WARN_UNUSED_VARIABLE = YES;
				IPHONEOS_DEPLOYMENT_TARGET = 8.0;
				MTL_ENABLE_DEBUG_INFO = NO;
				MTL_FAST_MATH = YES;
				SDKROOT = iphoneos;
				VALIDATE_PRODUCT = YES;
			};
			name = Release;
		};
		6DE9489D2228DB88002EE0CE /* Debug */ = {
			isa = XCBuildConfiguration;
			baseConfigurationReference = BEAA85BAFA315B39C87D7EEC /* Pods-YumiMediationMopubAdDemo-iOS.debug.xcconfig */;
			buildSettings = {
				ASSETCATALOG_COMPILER_APPICON_NAME = AppIcon;
				CODE_SIGN_IDENTITY = "iPhone Developer";
				CODE_SIGN_STYLE = Manual;
				CURRENT_PROJECT_VERSION = 2019121301;
				DEVELOPMENT_TEAM = QX37QM2334;
				INFOPLIST_FILE = "YumiMediationMopubAdDemo-iOS/Info.plist";
				IPHONEOS_DEPLOYMENT_TARGET = 8.0;
				LD_RUNPATH_SEARCH_PATHS = (
					"$(inherited)",
					"@executable_path/Frameworks",
				);
				MARKETING_VERSION = 4.5.0.000;
				PRODUCT_BUNDLE_IDENTIFIER = com.zplay.popstar;
				PRODUCT_NAME = "$(TARGET_NAME)";
				PROVISIONING_PROFILE_SPECIFIER = zplay;
				TARGETED_DEVICE_FAMILY = "1,2";
			};
			name = Debug;
		};
		6DE9489E2228DB88002EE0CE /* Release */ = {
			isa = XCBuildConfiguration;
			baseConfigurationReference = 3C87FA13B0EC1F1FE7A090E8 /* Pods-YumiMediationMopubAdDemo-iOS.release.xcconfig */;
			buildSettings = {
				ASSETCATALOG_COMPILER_APPICON_NAME = AppIcon;
				CODE_SIGN_IDENTITY = "iPhone Distribution";
				CODE_SIGN_STYLE = Manual;
				CURRENT_PROJECT_VERSION = 2019121301;
				DEVELOPMENT_TEAM = L5UE3EGW93;
				INFOPLIST_FILE = "YumiMediationMopubAdDemo-iOS/Info.plist";
				IPHONEOS_DEPLOYMENT_TARGET = 8.0;
				LD_RUNPATH_SEARCH_PATHS = (
					"$(inherited)",
					"@executable_path/Frameworks",
				);
				MARKETING_VERSION = 4.5.0.000;
				PRODUCT_BUNDLE_IDENTIFIER = com.zplay.popstar;
				PRODUCT_NAME = "$(TARGET_NAME)";
				PROVISIONING_PROFILE_SPECIFIER = "Dis-zplay*";
				TARGETED_DEVICE_FAMILY = "1,2";
			};
			name = Release;
		};
/* End XCBuildConfiguration section */

/* Begin XCConfigurationList section */
		6DE9487E2228DB86002EE0CE /* Build configuration list for PBXProject "YumiMediationMopubAdDemo-iOS" */ = {
			isa = XCConfigurationList;
			buildConfigurations = (
				6DE9489A2228DB88002EE0CE /* Debug */,
				6DE9489B2228DB88002EE0CE /* Release */,
			);
			defaultConfigurationIsVisible = 0;
			defaultConfigurationName = Release;
		};
		6DE9489C2228DB88002EE0CE /* Build configuration list for PBXNativeTarget "YumiMediationMopubAdDemo-iOS" */ = {
			isa = XCConfigurationList;
			buildConfigurations = (
				6DE9489D2228DB88002EE0CE /* Debug */,
				6DE9489E2228DB88002EE0CE /* Release */,
			);
			defaultConfigurationIsVisible = 0;
			defaultConfigurationName = Release;
		};
/* End XCConfigurationList section */

/* Begin XCVersionGroup section */
		6DE9488F2228DB86002EE0CE /* YumiMediationMopubAdDemo_iOS.xcdatamodeld */ = {
			isa = XCVersionGroup;
			children = (
				6DE948902228DB86002EE0CE /* YumiMediationMopubAdDemo_iOS.xcdatamodel */,
			);
			currentVersion = 6DE948902228DB86002EE0CE /* YumiMediationMopubAdDemo_iOS.xcdatamodel */;
			path = YumiMediationMopubAdDemo_iOS.xcdatamodeld;
			sourceTree = "<group>";
			versionGroupType = wrapper.xcdatamodel;
		};
/* End XCVersionGroup section */
	};
	rootObject = 6DE9487B2228DB86002EE0CE /* Project object */;
}
